// !$*UTF8*$!
{
	archiveVersion = 1;
	classes = {
	};
	objectVersion = 56;
	objects = {

/* Begin PBXBuildFile section */
		9118BC3A2B2659AF00790686 /* MovingTasksApp.swift in Sources */ = {isa = PBXBuildFile; fileRef = 9118BC392B2659AF00790686 /* MovingTasksApp.swift */; };
		9118BC3C2B2659AF00790686 /* TaskListView.swift in Sources */ = {isa = PBXBuildFile; fileRef = 9118BC3B2B2659AF00790686 /* TaskListView.swift */; };
		9118BC3E2B2659B100790686 /* Assets.xcassets in Resources */ = {isa = PBXBuildFile; fileRef = 9118BC3D2B2659B100790686 /* Assets.xcassets */; };
		9118BC412B2659B100790686 /* Preview Assets.xcassets in Resources */ = {isa = PBXBuildFile; fileRef = 9118BC402B2659B100790686 /* Preview Assets.xcassets */; };
		9118BC482B265A7A00790686 /* Constants.swift in Sources */ = {isa = PBXBuildFile; fileRef = 9118BC472B265A7A00790686 /* Constants.swift */; };
		9118BC4C2B265A9F00790686 /* FileManager+Extension.swift in Sources */ = {isa = PBXBuildFile; fileRef = 9118BC4A2B265A9F00790686 /* FileManager+Extension.swift */; };
		9118BC4D2B265A9F00790686 /* Logger+Extension.swift in Sources */ = {isa = PBXBuildFile; fileRef = 9118BC4B2B265A9F00790686 /* Logger+Extension.swift */; };
		9118BC512B265AD600790686 /* DatabaseError.swift in Sources */ = {isa = PBXBuildFile; fileRef = 9118BC4F2B265AD600790686 /* DatabaseError.swift */; };
		9118BC572B265C7F00790686 /* Task.swift in Sources */ = {isa = PBXBuildFile; fileRef = 9118BC562B265C7F00790686 /* Task.swift */; };
		9118BC5A2B2683EA00790686 /* EditTaskView.swift in Sources */ = {isa = PBXBuildFile; fileRef = 9118BC592B2683EA00790686 /* EditTaskView.swift */; };
		9118BC5C2B268EA300790686 /* Binding+Extension.swift in Sources */ = {isa = PBXBuildFile; fileRef = 9118BC5B2B268EA300790686 /* Binding+Extension.swift */; };
		9118BC642B26BD8700790686 /* FloatingPromptTextField in Frameworks */ = {isa = PBXBuildFile; productRef = 9118BC632B26BD8700790686 /* FloatingPromptTextField */; };
		9118BC662B26C90E00790686 /* Project.swift in Sources */ = {isa = PBXBuildFile; fileRef = 9118BC652B26C90E00790686 /* Project.swift */; };
		9118BC692B26CDD100790686 /* LocationEnum.swift in Sources */ = {isa = PBXBuildFile; fileRef = 9118BC682B26CDD100790686 /* LocationEnum.swift */; };
		9118BC6B2B26D45F00790686 /* PriorityEnum.swift in Sources */ = {isa = PBXBuildFile; fileRef = 9118BC6A2B26D45F00790686 /* PriorityEnum.swift */; };
		9118BC6D2B278E7C00790686 /* CategoryEnum.swift in Sources */ = {isa = PBXBuildFile; fileRef = 9118BC6C2B278E7C00790686 /* CategoryEnum.swift */; };
		9118BC752B27B97D00790686 /* FilterEnum.swift in Sources */ = {isa = PBXBuildFile; fileRef = 9118BC742B27B97D00790686 /* FilterEnum.swift */; };
		9118BC772B2804B100790686 /* LaunchScreenView.swift in Sources */ = {isa = PBXBuildFile; fileRef = 9118BC762B2804B100790686 /* LaunchScreenView.swift */; };
		9118BC792B29105800790686 /* StatusEnum.swift in Sources */ = {isa = PBXBuildFile; fileRef = 9118BC782B29105800790686 /* StatusEnum.swift */; };
		9118BC7B2B29437000790686 /* TaskItem.swift in Sources */ = {isa = PBXBuildFile; fileRef = 9118BC7A2B29437000790686 /* TaskItem.swift */; };
		9118BC7D2B294F8E00790686 /* EditTaskItemView.swift in Sources */ = {isa = PBXBuildFile; fileRef = 9118BC7C2B294F8E00790686 /* EditTaskItemView.swift */; };
		9118BC7F2B2A392B00790686 /* TaskItemListView.swift in Sources */ = {isa = PBXBuildFile; fileRef = 9118BC7E2B2A392B00790686 /* TaskItemListView.swift */; };
		9118BC852B30034300790686 /* FloatingLabelTextFieldStyle in Frameworks */ = {isa = PBXBuildFile; productRef = 9118BC842B30034300790686 /* FloatingLabelTextFieldStyle */; };
		9118BC872B30058F00790686 /* TextInputView.swift in Sources */ = {isa = PBXBuildFile; fileRef = 9118BC862B30058F00790686 /* TextInputView.swift */; };
/* End PBXBuildFile section */

/* Begin PBXFileReference section */
		9118BC362B2659AF00790686 /* MovingTasks.app */ = {isa = PBXFileReference; explicitFileType = wrapper.application; includeInIndex = 0; path = MovingTasks.app; sourceTree = BUILT_PRODUCTS_DIR; };
		9118BC392B2659AF00790686 /* MovingTasksApp.swift */ = {isa = PBXFileReference; lastKnownFileType = sourcecode.swift; path = MovingTasksApp.swift; sourceTree = "<group>"; };
		9118BC3B2B2659AF00790686 /* TaskListView.swift */ = {isa = PBXFileReference; lastKnownFileType = sourcecode.swift; path = TaskListView.swift; sourceTree = "<group>"; };
		9118BC3D2B2659B100790686 /* Assets.xcassets */ = {isa = PBXFileReference; lastKnownFileType = folder.assetcatalog; path = Assets.xcassets; sourceTree = "<group>"; };
		9118BC402B2659B100790686 /* Preview Assets.xcassets */ = {isa = PBXFileReference; lastKnownFileType = folder.assetcatalog; path = "Preview Assets.xcassets"; sourceTree = "<group>"; };
		9118BC472B265A7A00790686 /* Constants.swift */ = {isa = PBXFileReference; fileEncoding = 4; lastKnownFileType = sourcecode.swift; path = Constants.swift; sourceTree = "<group>"; };
		9118BC4A2B265A9F00790686 /* FileManager+Extension.swift */ = {isa = PBXFileReference; fileEncoding = 4; lastKnownFileType = sourcecode.swift; path = "FileManager+Extension.swift"; sourceTree = "<group>"; };
		9118BC4B2B265A9F00790686 /* Logger+Extension.swift */ = {isa = PBXFileReference; fileEncoding = 4; lastKnownFileType = sourcecode.swift; path = "Logger+Extension.swift"; sourceTree = "<group>"; };
		9118BC4F2B265AD600790686 /* DatabaseError.swift */ = {isa = PBXFileReference; fileEncoding = 4; lastKnownFileType = sourcecode.swift; path = DatabaseError.swift; sourceTree = "<group>"; };
		9118BC562B265C7F00790686 /* Task.swift */ = {isa = PBXFileReference; lastKnownFileType = sourcecode.swift; path = Task.swift; sourceTree = "<group>"; };
		9118BC592B2683EA00790686 /* EditTaskView.swift */ = {isa = PBXFileReference; lastKnownFileType = sourcecode.swift; path = EditTaskView.swift; sourceTree = "<group>"; };
		9118BC5B2B268EA300790686 /* Binding+Extension.swift */ = {isa = PBXFileReference; lastKnownFileType = sourcecode.swift; path = "Binding+Extension.swift"; sourceTree = "<group>"; };
		9118BC652B26C90E00790686 /* Project.swift */ = {isa = PBXFileReference; lastKnownFileType = sourcecode.swift; path = Project.swift; sourceTree = "<group>"; };
		9118BC682B26CDD100790686 /* LocationEnum.swift */ = {isa = PBXFileReference; lastKnownFileType = sourcecode.swift; path = LocationEnum.swift; sourceTree = "<group>"; };
		9118BC6A2B26D45F00790686 /* PriorityEnum.swift */ = {isa = PBXFileReference; lastKnownFileType = sourcecode.swift; path = PriorityEnum.swift; sourceTree = "<group>"; };
		9118BC6C2B278E7C00790686 /* CategoryEnum.swift */ = {isa = PBXFileReference; lastKnownFileType = sourcecode.swift; path = CategoryEnum.swift; sourceTree = "<group>"; };
		9118BC6E2B27AB0E00790686 /* MovingTasks.entitlements */ = {isa = PBXFileReference; lastKnownFileType = text.plist.entitlements; path = MovingTasks.entitlements; sourceTree = "<group>"; };
		9118BC6F2B27ABF000790686 /* Info.plist */ = {isa = PBXFileReference; lastKnownFileType = text.plist; path = Info.plist; sourceTree = "<group>"; };
		9118BC742B27B97D00790686 /* FilterEnum.swift */ = {isa = PBXFileReference; lastKnownFileType = sourcecode.swift; path = FilterEnum.swift; sourceTree = "<group>"; };
		9118BC762B2804B100790686 /* LaunchScreenView.swift */ = {isa = PBXFileReference; fileEncoding = 4; lastKnownFileType = sourcecode.swift; path = LaunchScreenView.swift; sourceTree = "<group>"; };
		9118BC782B29105800790686 /* StatusEnum.swift */ = {isa = PBXFileReference; lastKnownFileType = sourcecode.swift; path = StatusEnum.swift; sourceTree = "<group>"; };
		9118BC7A2B29437000790686 /* TaskItem.swift */ = {isa = PBXFileReference; lastKnownFileType = sourcecode.swift; path = TaskItem.swift; sourceTree = "<group>"; };
		9118BC7C2B294F8E00790686 /* EditTaskItemView.swift */ = {isa = PBXFileReference; lastKnownFileType = sourcecode.swift; path = EditTaskItemView.swift; sourceTree = "<group>"; };
		9118BC7E2B2A392B00790686 /* TaskItemListView.swift */ = {isa = PBXFileReference; lastKnownFileType = sourcecode.swift; path = TaskItemListView.swift; sourceTree = "<group>"; };
		9118BC862B30058F00790686 /* TextInputView.swift */ = {isa = PBXFileReference; lastKnownFileType = sourcecode.swift; path = TextInputView.swift; sourceTree = "<group>"; };
/* End PBXFileReference section */

/* Begin PBXFrameworksBuildPhase section */
		9118BC332B2659AF00790686 /* Frameworks */ = {
			isa = PBXFrameworksBuildPhase;
			buildActionMask = 2147483647;
			files = (
				9118BC642B26BD8700790686 /* FloatingPromptTextField in Frameworks */,
				9118BC852B30034300790686 /* FloatingLabelTextFieldStyle in Frameworks */,
			);
			runOnlyForDeploymentPostprocessing = 0;
		};
/* End PBXFrameworksBuildPhase section */

/* Begin PBXGroup section */
		9118BC2D2B2659AF00790686 = {
			isa = PBXGroup;
			children = (
				9118BC382B2659AF00790686 /* MovingTasks */,
				9118BC372B2659AF00790686 /* Products */,
			);
			sourceTree = "<group>";
		};
		9118BC372B2659AF00790686 /* Products */ = {
			isa = PBXGroup;
			children = (
				9118BC362B2659AF00790686 /* MovingTasks.app */,
			);
			name = Products;
			sourceTree = "<group>";
		};
		9118BC382B2659AF00790686 /* MovingTasks */ = {
			isa = PBXGroup;
			children = (
				9118BC6F2B27ABF000790686 /* Info.plist */,
				9118BC6E2B27AB0E00790686 /* MovingTasks.entitlements */,
				9118BC672B26CD9500790686 /* Enums */,
				9118BC532B265B0C00790686 /* Models */,
				9118BC4E2B265AD600790686 /* Error Enums */,
				9118BC492B265A9F00790686 /* Extensions */,
				9118BC472B265A7A00790686 /* Constants.swift */,
				9118BC392B2659AF00790686 /* MovingTasksApp.swift */,
				9118BC582B265FB400790686 /* Views */,
				9118BC3D2B2659B100790686 /* Assets.xcassets */,
				9118BC3F2B2659B100790686 /* Preview Content */,
			);
			path = MovingTasks;
			sourceTree = "<group>";
		};
		9118BC3F2B2659B100790686 /* Preview Content */ = {
			isa = PBXGroup;
			children = (
				9118BC402B2659B100790686 /* Preview Assets.xcassets */,
			);
			path = "Preview Content";
			sourceTree = "<group>";
		};
		9118BC492B265A9F00790686 /* Extensions */ = {
			isa = PBXGroup;
			children = (
				9118BC4A2B265A9F00790686 /* FileManager+Extension.swift */,
				9118BC4B2B265A9F00790686 /* Logger+Extension.swift */,
				9118BC5B2B268EA300790686 /* Binding+Extension.swift */,
			);
			path = Extensions;
			sourceTree = "<group>";
		};
		9118BC4E2B265AD600790686 /* Error Enums */ = {
			isa = PBXGroup;
			children = (
				9118BC4F2B265AD600790686 /* DatabaseError.swift */,
			);
			path = "Error Enums";
			sourceTree = "<group>";
		};
		9118BC532B265B0C00790686 /* Models */ = {
			isa = PBXGroup;
			children = (
				9118BC652B26C90E00790686 /* Project.swift */,
				9118BC562B265C7F00790686 /* Task.swift */,
				9118BC7A2B29437000790686 /* TaskItem.swift */,
			);
			path = Models;
			sourceTree = "<group>";
		};
		9118BC582B265FB400790686 /* Views */ = {
			isa = PBXGroup;
			children = (
				9118BC762B2804B100790686 /* LaunchScreenView.swift */,
				9118BC862B30058F00790686 /* TextInputView.swift */,
				9118BC3B2B2659AF00790686 /* TaskListView.swift */,
				9118BC7E2B2A392B00790686 /* TaskItemListView.swift */,
				9118BC7C2B294F8E00790686 /* EditTaskItemView.swift */,
				9118BC592B2683EA00790686 /* EditTaskView.swift */,
			);
			path = Views;
			sourceTree = "<group>";
		};
		9118BC672B26CD9500790686 /* Enums */ = {
			isa = PBXGroup;
			children = (
				9118BC682B26CDD100790686 /* LocationEnum.swift */,
				9118BC742B27B97D00790686 /* FilterEnum.swift */,
				9118BC6A2B26D45F00790686 /* PriorityEnum.swift */,
				9118BC6C2B278E7C00790686 /* CategoryEnum.swift */,
				9118BC782B29105800790686 /* StatusEnum.swift */,
			);
			path = Enums;
			sourceTree = "<group>";
		};
/* End PBXGroup section */

/* Begin PBXNativeTarget section */
		9118BC352B2659AF00790686 /* MovingTasks */ = {
			isa = PBXNativeTarget;
			buildConfigurationList = 9118BC442B2659B100790686 /* Build configuration list for PBXNativeTarget "MovingTasks" */;
			buildPhases = (
				9118BC322B2659AF00790686 /* Sources */,
				9118BC332B2659AF00790686 /* Frameworks */,
				9118BC342B2659AF00790686 /* Resources */,
			);
			buildRules = (
			);
			dependencies = (
			);
			name = MovingTasks;
			packageProductDependencies = (
				9118BC632B26BD8700790686 /* FloatingPromptTextField */,
				9118BC842B30034300790686 /* FloatingLabelTextFieldStyle */,
			);
			productName = MovingTasks;
			productReference = 9118BC362B2659AF00790686 /* MovingTasks.app */;
			productType = "com.apple.product-type.application";
		};
/* End PBXNativeTarget section */

/* Begin PBXProject section */
		9118BC2E2B2659AF00790686 /* Project object */ = {
			isa = PBXProject;
			attributes = {
				BuildIndependentTargetsInParallel = 1;
				LastSwiftUpdateCheck = 1510;
				LastUpgradeCheck = 1510;
				TargetAttributes = {
					9118BC352B2659AF00790686 = {
						CreatedOnToolsVersion = 15.1;
					};
				};
			};
			buildConfigurationList = 9118BC312B2659AF00790686 /* Build configuration list for PBXProject "MovingTasks" */;
			compatibilityVersion = "Xcode 14.0";
			developmentRegion = en;
			hasScannedForEncodings = 0;
			knownRegions = (
				en,
				Base,
			);
			mainGroup = 9118BC2D2B2659AF00790686;
			packageReferences = (
				9118BC622B26BD8700790686 /* XCRemoteSwiftPackageReference "FloatingPromptTextField" */,
				9118BC832B30034300790686 /* XCRemoteSwiftPackageReference "FloatingLabelTextFieldStyle" */,
			);
			productRefGroup = 9118BC372B2659AF00790686 /* Products */;
			projectDirPath = "";
			projectRoot = "";
			targets = (
				9118BC352B2659AF00790686 /* MovingTasks */,
			);
		};
/* End PBXProject section */

/* Begin PBXResourcesBuildPhase section */
		9118BC342B2659AF00790686 /* Resources */ = {
			isa = PBXResourcesBuildPhase;
			buildActionMask = 2147483647;
			files = (
				9118BC412B2659B100790686 /* Preview Assets.xcassets in Resources */,
				9118BC3E2B2659B100790686 /* Assets.xcassets in Resources */,
			);
			runOnlyForDeploymentPostprocessing = 0;
		};
/* End PBXResourcesBuildPhase section */

/* Begin PBXSourcesBuildPhase section */
		9118BC322B2659AF00790686 /* Sources */ = {
			isa = PBXSourcesBuildPhase;
			buildActionMask = 2147483647;
			files = (
				9118BC3C2B2659AF00790686 /* TaskListView.swift in Sources */,
				9118BC4C2B265A9F00790686 /* FileManager+Extension.swift in Sources */,
				9118BC7B2B29437000790686 /* TaskItem.swift in Sources */,
				9118BC3A2B2659AF00790686 /* MovingTasksApp.swift in Sources */,
				9118BC482B265A7A00790686 /* Constants.swift in Sources */,
				9118BC792B29105800790686 /* StatusEnum.swift in Sources */,
				9118BC4D2B265A9F00790686 /* Logger+Extension.swift in Sources */,
				9118BC772B2804B100790686 /* LaunchScreenView.swift in Sources */,
				9118BC7D2B294F8E00790686 /* EditTaskItemView.swift in Sources */,
				9118BC752B27B97D00790686 /* FilterEnum.swift in Sources */,
				9118BC872B30058F00790686 /* TextInputView.swift in Sources */,
				9118BC5C2B268EA300790686 /* Binding+Extension.swift in Sources */,
				9118BC7F2B2A392B00790686 /* TaskItemListView.swift in Sources */,
				9118BC6D2B278E7C00790686 /* CategoryEnum.swift in Sources */,
				9118BC512B265AD600790686 /* DatabaseError.swift in Sources */,
				9118BC662B26C90E00790686 /* Project.swift in Sources */,
				9118BC692B26CDD100790686 /* LocationEnum.swift in Sources */,
				9118BC6B2B26D45F00790686 /* PriorityEnum.swift in Sources */,
				9118BC572B265C7F00790686 /* Task.swift in Sources */,
				9118BC5A2B2683EA00790686 /* EditTaskView.swift in Sources */,
			);
			runOnlyForDeploymentPostprocessing = 0;
		};
/* End PBXSourcesBuildPhase section */

/* Begin XCBuildConfiguration section */
		9118BC422B2659B100790686 /* Debug */ = {
			isa = XCBuildConfiguration;
			buildSettings = {
				ALWAYS_SEARCH_USER_PATHS = NO;
				ASSETCATALOG_COMPILER_GENERATE_SWIFT_ASSET_SYMBOL_EXTENSIONS = YES;
				CLANG_ANALYZER_NONNULL = YES;
				CLANG_ANALYZER_NUMBER_OBJECT_CONVERSION = YES_AGGRESSIVE;
				CLANG_CXX_LANGUAGE_STANDARD = "gnu++20";
				CLANG_ENABLE_MODULES = YES;
				CLANG_ENABLE_OBJC_ARC = YES;
				CLANG_ENABLE_OBJC_WEAK = YES;
				CLANG_WARN_BLOCK_CAPTURE_AUTORELEASING = YES;
				CLANG_WARN_BOOL_CONVERSION = YES;
				CLANG_WARN_COMMA = YES;
				CLANG_WARN_CONSTANT_CONVERSION = YES;
				CLANG_WARN_DEPRECATED_OBJC_IMPLEMENTATIONS = YES;
				CLANG_WARN_DIRECT_OBJC_ISA_USAGE = YES_ERROR;
				CLANG_WARN_DOCUMENTATION_COMMENTS = YES;
				CLANG_WARN_EMPTY_BODY = YES;
				CLANG_WARN_ENUM_CONVERSION = YES;
				CLANG_WARN_INFINITE_RECURSION = YES;
				CLANG_WARN_INT_CONVERSION = YES;
				CLANG_WARN_NON_LITERAL_NULL_CONVERSION = YES;
				CLANG_WARN_OBJC_IMPLICIT_RETAIN_SELF = YES;
				CLANG_WARN_OBJC_LITERAL_CONVERSION = YES;
				CLANG_WARN_OBJC_ROOT_CLASS = YES_ERROR;
				CLANG_WARN_QUOTED_INCLUDE_IN_FRAMEWORK_HEADER = YES;
				CLANG_WARN_RANGE_LOOP_ANALYSIS = YES;
				CLANG_WARN_STRICT_PROTOTYPES = YES;
				CLANG_WARN_SUSPICIOUS_MOVE = YES;
				CLANG_WARN_UNGUARDED_AVAILABILITY = YES_AGGRESSIVE;
				CLANG_WARN_UNREACHABLE_CODE = YES;
				CLANG_WARN__DUPLICATE_METHOD_MATCH = YES;
				COPY_PHASE_STRIP = NO;
				DEBUG_INFORMATION_FORMAT = dwarf;
				ENABLE_STRICT_OBJC_MSGSEND = YES;
				ENABLE_TESTABILITY = YES;
				ENABLE_USER_SCRIPT_SANDBOXING = YES;
				GCC_C_LANGUAGE_STANDARD = gnu17;
				GCC_DYNAMIC_NO_PIC = NO;
				GCC_NO_COMMON_BLOCKS = YES;
				GCC_OPTIMIZATION_LEVEL = 0;
				GCC_PREPROCESSOR_DEFINITIONS = (
					"DEBUG=1",
					"$(inherited)",
				);
				GCC_WARN_64_TO_32_BIT_CONVERSION = YES;
				GCC_WARN_ABOUT_RETURN_TYPE = YES_ERROR;
				GCC_WARN_UNDECLARED_SELECTOR = YES;
				GCC_WARN_UNINITIALIZED_AUTOS = YES_AGGRESSIVE;
				GCC_WARN_UNUSED_FUNCTION = YES;
				GCC_WARN_UNUSED_VARIABLE = YES;
				IPHONEOS_DEPLOYMENT_TARGET = 17.2;
				LOCALIZATION_PREFERS_STRING_CATALOGS = YES;
				MTL_ENABLE_DEBUG_INFO = INCLUDE_SOURCE;
				MTL_FAST_MATH = YES;
				ONLY_ACTIVE_ARCH = YES;
				SDKROOT = iphoneos;
				SWIFT_ACTIVE_COMPILATION_CONDITIONS = "DEBUG $(inherited)";
				SWIFT_OPTIMIZATION_LEVEL = "-Onone";
			};
			name = Debug;
		};
		9118BC432B2659B100790686 /* Release */ = {
			isa = XCBuildConfiguration;
			buildSettings = {
				ALWAYS_SEARCH_USER_PATHS = NO;
				ASSETCATALOG_COMPILER_GENERATE_SWIFT_ASSET_SYMBOL_EXTENSIONS = YES;
				CLANG_ANALYZER_NONNULL = YES;
				CLANG_ANALYZER_NUMBER_OBJECT_CONVERSION = YES_AGGRESSIVE;
				CLANG_CXX_LANGUAGE_STANDARD = "gnu++20";
				CLANG_ENABLE_MODULES = YES;
				CLANG_ENABLE_OBJC_ARC = YES;
				CLANG_ENABLE_OBJC_WEAK = YES;
				CLANG_WARN_BLOCK_CAPTURE_AUTORELEASING = YES;
				CLANG_WARN_BOOL_CONVERSION = YES;
				CLANG_WARN_COMMA = YES;
				CLANG_WARN_CONSTANT_CONVERSION = YES;
				CLANG_WARN_DEPRECATED_OBJC_IMPLEMENTATIONS = YES;
				CLANG_WARN_DIRECT_OBJC_ISA_USAGE = YES_ERROR;
				CLANG_WARN_DOCUMENTATION_COMMENTS = YES;
				CLANG_WARN_EMPTY_BODY = YES;
				CLANG_WARN_ENUM_CONVERSION = YES;
				CLANG_WARN_INFINITE_RECURSION = YES;
				CLANG_WARN_INT_CONVERSION = YES;
				CLANG_WARN_NON_LITERAL_NULL_CONVERSION = YES;
				CLANG_WARN_OBJC_IMPLICIT_RETAIN_SELF = YES;
				CLANG_WARN_OBJC_LITERAL_CONVERSION = YES;
				CLANG_WARN_OBJC_ROOT_CLASS = YES_ERROR;
				CLANG_WARN_QUOTED_INCLUDE_IN_FRAMEWORK_HEADER = YES;
				CLANG_WARN_RANGE_LOOP_ANALYSIS = YES;
				CLANG_WARN_STRICT_PROTOTYPES = YES;
				CLANG_WARN_SUSPICIOUS_MOVE = YES;
				CLANG_WARN_UNGUARDED_AVAILABILITY = YES_AGGRESSIVE;
				CLANG_WARN_UNREACHABLE_CODE = YES;
				CLANG_WARN__DUPLICATE_METHOD_MATCH = YES;
				COPY_PHASE_STRIP = NO;
				DEBUG_INFORMATION_FORMAT = "dwarf-with-dsym";
				ENABLE_NS_ASSERTIONS = NO;
				ENABLE_STRICT_OBJC_MSGSEND = YES;
				ENABLE_USER_SCRIPT_SANDBOXING = YES;
				GCC_C_LANGUAGE_STANDARD = gnu17;
				GCC_NO_COMMON_BLOCKS = YES;
				GCC_WARN_64_TO_32_BIT_CONVERSION = YES;
				GCC_WARN_ABOUT_RETURN_TYPE = YES_ERROR;
				GCC_WARN_UNDECLARED_SELECTOR = YES;
				GCC_WARN_UNINITIALIZED_AUTOS = YES_AGGRESSIVE;
				GCC_WARN_UNUSED_FUNCTION = YES;
				GCC_WARN_UNUSED_VARIABLE = YES;
				IPHONEOS_DEPLOYMENT_TARGET = 17.2;
				LOCALIZATION_PREFERS_STRING_CATALOGS = YES;
				MTL_ENABLE_DEBUG_INFO = NO;
				MTL_FAST_MATH = YES;
				SDKROOT = iphoneos;
				SWIFT_COMPILATION_MODE = wholemodule;
				VALIDATE_PRODUCT = YES;
			};
			name = Release;
		};
		9118BC452B2659B100790686 /* Debug */ = {
			isa = XCBuildConfiguration;
			buildSettings = {
				ASSETCATALOG_COMPILER_APPICON_NAME = AppIcon;
				ASSETCATALOG_COMPILER_GLOBAL_ACCENT_COLOR_NAME = AccentColor;
				CODE_SIGN_ENTITLEMENTS = MovingTasks/MovingTasks.entitlements;
				CODE_SIGN_STYLE = Automatic;
				CURRENT_PROJECT_VERSION = 1;
				DEVELOPMENT_ASSET_PATHS = "\"MovingTasks/Preview Content\"";
				DEVELOPMENT_TEAM = C37927XKUL;
				ENABLE_PREVIEWS = YES;
				GENERATE_INFOPLIST_FILE = YES;
				INFOPLIST_FILE = MovingTasks/Info.plist;
				INFOPLIST_KEY_UIApplicationSceneManifest_Generation = YES;
				INFOPLIST_KEY_UIApplicationSupportsIndirectInputEvents = YES;
				INFOPLIST_KEY_UILaunchScreen_Generation = YES;
				INFOPLIST_KEY_UISupportedInterfaceOrientations_iPad = "UIInterfaceOrientationPortrait UIInterfaceOrientationPortraitUpsideDown UIInterfaceOrientationLandscapeLeft UIInterfaceOrientationLandscapeRight";
				INFOPLIST_KEY_UISupportedInterfaceOrientations_iPhone = "UIInterfaceOrientationPortrait UIInterfaceOrientationLandscapeLeft UIInterfaceOrientationLandscapeRight";
				LD_RUNPATH_SEARCH_PATHS = (
					"$(inherited)",
					"@executable_path/Frameworks",
				);
				MARKETING_VERSION = 1.0;
				PRODUCT_BUNDLE_IDENTIFIER = com.larryburris.MovingTasks;
				PRODUCT_NAME = "$(TARGET_NAME)";
				SWIFT_EMIT_LOC_STRINGS = YES;
				SWIFT_VERSION = 5.0;
				TARGETED_DEVICE_FAMILY = "1,2";
			};
			name = Debug;
		};
		9118BC462B2659B100790686 /* Release */ = {
			isa = XCBuildConfiguration;
			buildSettings = {
				ASSETCATALOG_COMPILER_APPICON_NAME = AppIcon;
				ASSETCATALOG_COMPILER_GLOBAL_ACCENT_COLOR_NAME = AccentColor;
				CODE_SIGN_ENTITLEMENTS = MovingTasks/MovingTasks.entitlements;
				CODE_SIGN_STYLE = Automatic;
				CURRENT_PROJECT_VERSION = 1;
				DEVELOPMENT_ASSET_PATHS = "\"MovingTasks/Preview Content\"";
				DEVELOPMENT_TEAM = C37927XKUL;
				ENABLE_PREVIEWS = YES;
				GENERATE_INFOPLIST_FILE = YES;
				INFOPLIST_FILE = MovingTasks/Info.plist;
				INFOPLIST_KEY_UIApplicationSceneManifest_Generation = YES;
				INFOPLIST_KEY_UIApplicationSupportsIndirectInputEvents = YES;
				INFOPLIST_KEY_UILaunchScreen_Generation = YES;
				INFOPLIST_KEY_UISupportedInterfaceOrientations_iPad = "UIInterfaceOrientationPortrait UIInterfaceOrientationPortraitUpsideDown UIInterfaceOrientationLandscapeLeft UIInterfaceOrientationLandscapeRight";
				INFOPLIST_KEY_UISupportedInterfaceOrientations_iPhone = "UIInterfaceOrientationPortrait UIInterfaceOrientationLandscapeLeft UIInterfaceOrientationLandscapeRight";
				LD_RUNPATH_SEARCH_PATHS = (
					"$(inherited)",
					"@executable_path/Frameworks",
				);
				MARKETING_VERSION = 1.0;
				PRODUCT_BUNDLE_IDENTIFIER = com.larryburris.MovingTasks;
				PRODUCT_NAME = "$(TARGET_NAME)";
				SWIFT_EMIT_LOC_STRINGS = YES;
				SWIFT_VERSION = 5.0;
				TARGETED_DEVICE_FAMILY = "1,2";
			};
			name = Release;
		};
/* End XCBuildConfiguration section */

/* Begin XCConfigurationList section */
		9118BC312B2659AF00790686 /* Build configuration list for PBXProject "MovingTasks" */ = {
			isa = XCConfigurationList;
			buildConfigurations = (
				9118BC422B2659B100790686 /* Debug */,
				9118BC432B2659B100790686 /* Release */,
			);
			defaultConfigurationIsVisible = 0;
			defaultConfigurationName = Release;
		};
		9118BC442B2659B100790686 /* Build configuration list for PBXNativeTarget "MovingTasks" */ = {
			isa = XCConfigurationList;
			buildConfigurations = (
				9118BC452B2659B100790686 /* Debug */,
				9118BC462B2659B100790686 /* Release */,
			);
			defaultConfigurationIsVisible = 0;
			defaultConfigurationName = Release;
		};
/* End XCConfigurationList section */

/* Begin XCRemoteSwiftPackageReference section */
		9118BC622B26BD8700790686 /* XCRemoteSwiftPackageReference "FloatingPromptTextField" */ = {
			isa = XCRemoteSwiftPackageReference;
			repositoryURL = "https://github.com/EmilioPelaez/FloatingPromptTextField";
			requirement = {
				kind = upToNextMajorVersion;
				minimumVersion = 0.4.0;
			};
		};
		9118BC832B30034300790686 /* XCRemoteSwiftPackageReference "FloatingLabelTextFieldStyle" */ = {
			isa = XCRemoteSwiftPackageReference;
			repositoryURL = "https://github.com/reddavis/FloatingLabelTextFieldStyle?tab=readme-ov-file";
			requirement = {
				branch = main;
				kind = branch;
			};
		};
/* End XCRemoteSwiftPackageReference section */

/* Begin XCSwiftPackageProductDependency section */
		9118BC632B26BD8700790686 /* FloatingPromptTextField */ = {
			isa = XCSwiftPackageProductDependency;
			package = 9118BC622B26BD8700790686 /* XCRemoteSwiftPackageReference "FloatingPromptTextField" */;
			productName = FloatingPromptTextField;
		};
		9118BC842B30034300790686 /* FloatingLabelTextFieldStyle */ = {
			isa = XCSwiftPackageProductDependency;
			package = 9118BC832B30034300790686 /* XCRemoteSwiftPackageReference "FloatingLabelTextFieldStyle" */;
			productName = FloatingLabelTextFieldStyle;
		};
/* End XCSwiftPackageProductDependency section */
	};
	rootObject = 9118BC2E2B2659AF00790686 /* Project object */;
}
