{
  "pins" : [
    {
      "identity" : "floatinglabeltextfieldstyle?tab=readme-ov-file",
      "kind" : "remoteSourceControl",
      "location" : "https://github.com/reddavis/FloatingLabelTextFieldStyle?tab=readme-ov-file",
      "state" : {
        "branch" : "main",
        "revision" : "2c048897b4e68ddcdc78d33c2707c1c336dcc5e1"
      }
    },
    {
      "identity" : "floatingprompttextfield",
      "kind" : "remoteSourceControl",
      "location" : "https://github.com/EmilioPelaez/FloatingPromptTextField",
      "state" : {
        "revision" : "eac6ebeed385c7527eab8e63eb0371708a271b12",
        "version" : "0.4.0"
      }
    }
  ],
  "version" : 2
}
