{
  "pins" : [
    {
      "identity" : "floatinglabeltextfieldstyle?tab=readme-ov-file",
      "kind" : "remoteSourceControl",
      "location" : "https://github.com/reddavis/FloatingLabelTextFieldStyle?tab=readme-ov-file",
      "state" : {
        "branch" : "main",
        "revision" : "2c048897b4e68ddcdc78d33c2707c1c336dcc5e1"
      }
    },
    {
      "identity" : "floatingprompttextfield",
      "kind" : "remoteSourceControl",
      "location" : "https://github.com/EmilioPelaez/FloatingPromptTextField",
      "state" : {
        "revision" : "eac6ebeed385c7527eab8e63eb0371708a271b12",
        "version" : "0.4.0"
      }
    },
    {
      "identity" : "routing",
      "kind" : "remoteSourceControl",
      "location" : "https://github.com/obvios/Routing.git",
      "state" : {
        "branch" : "main",
        "revision" : "1f9b65528451e2ff9838bee77514e4de0862948b"
      }
    },
    {
      "identity" : "swiftui-image-viewer",
      "kind" : "remoteSourceControl",
      "location" : "https://github.com/fuzzzlove/swiftui-image-viewer",
      "state" : {
        "revision" : "ca77123064ae046eac2be01654ee756085c2b182",
        "version" : "1.0.0"
      }
    }
  ],
  "version" : 2
}
